{
  "name": "notas",
  "lockfileVersion": 3,
  "requires": true,
  "packages": {
    "": {
      "dependencies": {
        "zod": "^3.25.9"
      }
    },
    "node_modules/zod": {
      "version": "3.25.9",
      "resolved": "https://registry.npmjs.org/zod/-/zod-3.25.9.tgz",
      "integrity": "sha512-ho97WAF12mhTHd6/1lBbAPJP0cWKvWra6Stl2Tw93EBsIMoHME3bhGUGBXT0AaVmIWtOB1cFh98T+wb9RClo7g==",
      "license": "MIT",
      "funding": {
        "url": "https://github.com/sponsors/colinhacks"
      }
    }
  }
}
